// !$*UTF8*$!
{
	archiveVersion = 1;
	classes = {
	};
	objectVersion = 46;
	objects = {

/* Begin PBXBuildFile section */
		9326467C16944DEC007C72F8 /* UIKit.framework in Frameworks */ = {isa = PBXBuildFile; fileRef = 9326467B16944DEC007C72F8 /* UIKit.framework */; };
		9326467E16944DEC007C72F8 /* Foundation.framework in Frameworks */ = {isa = PBXBuildFile; fileRef = 9326467D16944DEC007C72F8 /* Foundation.framework */; };
		9326468016944DEC007C72F8 /* CoreGraphics.framework in Frameworks */ = {isa = PBXBuildFile; fileRef = 9326467F16944DEC007C72F8 /* CoreGraphics.framework */; };
		9326468616944DEC007C72F8 /* InfoPlist.strings in Resources */ = {isa = PBXBuildFile; fileRef = 9326468416944DEC007C72F8 /* InfoPlist.strings */; };
		9326468816944DEC007C72F8 /* main.m in Sources */ = {isa = PBXBuildFile; fileRef = 9326468716944DEC007C72F8 /* main.m */; };
		9326468C16944DEC007C72F8 /* AppDelegate.m in Sources */ = {isa = PBXBuildFile; fileRef = 9326468B16944DEC007C72F8 /* AppDelegate.m */; };
		9326468E16944DEC007C72F8 /* Default.png in Resources */ = {isa = PBXBuildFile; fileRef = 9326468D16944DEC007C72F8 /* Default.png */; };
		9326469016944DEC007C72F8 /* Default@2x.png in Resources */ = {isa = PBXBuildFile; fileRef = 9326468F16944DEC007C72F8 /* Default@2x.png */; };
		9326469216944DEC007C72F8 /* Default-568h@2x.png in Resources */ = {isa = PBXBuildFile; fileRef = 9326469116944DEC007C72F8 /* Default-568h@2x.png */; };
		9326469516944DEC007C72F8 /* MainStoryboard.storyboard in Resources */ = {isa = PBXBuildFile; fileRef = 9326469316944DEC007C72F8 /* MainStoryboard.storyboard */; };
		9326469816944DEC007C72F8 /* ViewController.m in Sources */ = {isa = PBXBuildFile; fileRef = 9326469716944DEC007C72F8 /* ViewController.m */; };
		932646A016944DEC007C72F8 /* SenTestingKit.framework in Frameworks */ = {isa = PBXBuildFile; fileRef = 9326469F16944DEC007C72F8 /* SenTestingKit.framework */; };
		932646A116944DEC007C72F8 /* UIKit.framework in Frameworks */ = {isa = PBXBuildFile; fileRef = 9326467B16944DEC007C72F8 /* UIKit.framework */; };
		932646A216944DEC007C72F8 /* Foundation.framework in Frameworks */ = {isa = PBXBuildFile; fileRef = 9326467D16944DEC007C72F8 /* Foundation.framework */; };
		932646AA16944DEC007C72F8 /* InfoPlist.strings in Resources */ = {isa = PBXBuildFile; fileRef = 932646A816944DEC007C72F8 /* InfoPlist.strings */; };
		932646AD16944DEC007C72F8 /* fantagramTests.m in Sources */ = {isa = PBXBuildFile; fileRef = 932646AC16944DEC007C72F8 /* fantagramTests.m */; };
		932646C416948767007C72F8 /* CoreMedia.framework in Frameworks */ = {isa = PBXBuildFile; fileRef = 932646C316948767007C72F8 /* CoreMedia.framework */; };
		932646C61694876E007C72F8 /* CoreVideo.framework in Frameworks */ = {isa = PBXBuildFile; fileRef = 932646C51694876E007C72F8 /* CoreVideo.framework */; };
		932646C816948776007C72F8 /* OpenGLES.framework in Frameworks */ = {isa = PBXBuildFile; fileRef = 932646C716948776007C72F8 /* OpenGLES.framework */; };
		932646CA1694877F007C72F8 /* AVFoundation.framework in Frameworks */ = {isa = PBXBuildFile; fileRef = 932646C91694877E007C72F8 /* AVFoundation.framework */; };
		932646CC16948786007C72F8 /* QuartzCore.framework in Frameworks */ = {isa = PBXBuildFile; fileRef = 932646CB16948786007C72F8 /* QuartzCore.framework */; };
		932646E316948AE7007C72F8 /* NSMutableDictionary+Helper.m in Sources */ = {isa = PBXBuildFile; fileRef = 932646CF16948AE7007C72F8 /* NSMutableDictionary+Helper.m */; };
		932646E416948AE7007C72F8 /* NSUserDefaults+Helper.m in Sources */ = {isa = PBXBuildFile; fileRef = 932646D116948AE7007C72F8 /* NSUserDefaults+Helper.m */; };
		932646E516948AE7007C72F8 /* UIButton+Helper.m in Sources */ = {isa = PBXBuildFile; fileRef = 932646D316948AE7007C72F8 /* UIButton+Helper.m */; };
		932646E616948AE7007C72F8 /* UIImage+Helper.m in Sources */ = {isa = PBXBuildFile; fileRef = 932646D516948AE7007C72F8 /* UIImage+Helper.m */; };
		932646E716948AE7007C72F8 /* UIImage+PhotoHelper.m in Sources */ = {isa = PBXBuildFile; fileRef = 932646D716948AE7007C72F8 /* UIImage+PhotoHelper.m */; };
		932646E816948AE7007C72F8 /* UIImageView+Helper.m in Sources */ = {isa = PBXBuildFile; fileRef = 932646D916948AE7007C72F8 /* UIImageView+Helper.m */; };
		932646E916948AE7007C72F8 /* UILabel+Helper.m in Sources */ = {isa = PBXBuildFile; fileRef = 932646DC16948AE7007C72F8 /* UILabel+Helper.m */; };
		932646EA16948AE7007C72F8 /* UIView+Helper.m in Sources */ = {isa = PBXBuildFile; fileRef = 932646DE16948AE7007C72F8 /* UIView+Helper.m */; };
		932646EB16948AE7007C72F8 /* UIViewController+Helper.m in Sources */ = {isa = PBXBuildFile; fileRef = 932646E016948AE7007C72F8 /* UIViewController+Helper.m */; };
		932646EC16948AE7007C72F8 /* UIWebView+Helper.m in Sources */ = {isa = PBXBuildFile; fileRef = 932646E216948AE7007C72F8 /* UIWebView+Helper.m */; };
		932646EF16948C37007C72F8 /* sample.jpg in Resources */ = {isa = PBXBuildFile; fileRef = 932646EE16948C37007C72F8 /* sample.jpg */; };
		93BB076B169491040047CCAF /* libGPUImage.a in Frameworks */ = {isa = PBXBuildFile; fileRef = 932646C0169485D6007C72F8 /* libGPUImage.a */; };
		93BB07A8169538330047CCAF /* AssetsLibrary.framework in Frameworks */ = {isa = PBXBuildFile; fileRef = 93BB07A7169538330047CCAF /* AssetsLibrary.framework */; };
		93BB07E51695AE900047CCAF /* GPUImageSelectiveColorFilter.m in Sources */ = {isa = PBXBuildFile; fileRef = 93BB07E41695AE900047CCAF /* GPUImageSelectiveColorFilter.m */; };
/* End PBXBuildFile section */

/* Begin PBXContainerItemProxy section */
		932646A316944DEC007C72F8 /* PBXContainerItemProxy */ = {
			isa = PBXContainerItemProxy;
			containerPortal = 9326466E16944DEB007C72F8 /* Project object */;
			proxyType = 1;
			remoteGlobalIDString = 9326467616944DEC007C72F8;
			remoteInfo = fantagram;
		};
		932646BF169485D6007C72F8 /* PBXContainerItemProxy */ = {
			isa = PBXContainerItemProxy;
			containerPortal = 932646B6169485D6007C72F8 /* GPUImage.xcodeproj */;
			proxyType = 2;
			remoteGlobalIDString = BCF1A33414DDB1EC00852800;
			remoteInfo = GPUImage;
		};
		932646C1169485D6007C72F8 /* PBXContainerItemProxy */ = {
			isa = PBXContainerItemProxy;
			containerPortal = 932646B6169485D6007C72F8 /* GPUImage.xcodeproj */;
			proxyType = 2;
			remoteGlobalIDString = BCF1A34414DDB1EC00852800;
			remoteInfo = GPUImageTests;
		};
/* End PBXContainerItemProxy section */

/* Begin PBXFileReference section */
		9326467716944DEC007C72F8 /* fantagram.app */ = {isa = PBXFileReference; explicitFileType = wrapper.application; includeInIndex = 0; path = fantagram.app; sourceTree = BUILT_PRODUCTS_DIR; };
		9326467B16944DEC007C72F8 /* UIKit.framework */ = {isa = PBXFileReference; lastKnownFileType = wrapper.framework; name = UIKit.framework; path = System/Library/Frameworks/UIKit.framework; sourceTree = SDKROOT; };
		9326467D16944DEC007C72F8 /* Foundation.framework */ = {isa = PBXFileReference; lastKnownFileType = wrapper.framework; name = Foundation.framework; path = System/Library/Frameworks/Foundation.framework; sourceTree = SDKROOT; };
		9326467F16944DEC007C72F8 /* CoreGraphics.framework */ = {isa = PBXFileReference; lastKnownFileType = wrapper.framework; name = CoreGraphics.framework; path = System/Library/Frameworks/CoreGraphics.framework; sourceTree = SDKROOT; };
		9326468316944DEC007C72F8 /* fantagram-Info.plist */ = {isa = PBXFileReference; lastKnownFileType = text.plist.xml; path = "fantagram-Info.plist"; sourceTree = "<group>"; };
		9326468516944DEC007C72F8 /* en */ = {isa = PBXFileReference; lastKnownFileType = text.plist.strings; name = en; path = en.lproj/InfoPlist.strings; sourceTree = "<group>"; };
		9326468716944DEC007C72F8 /* main.m */ = {isa = PBXFileReference; lastKnownFileType = sourcecode.c.objc; path = main.m; sourceTree = "<group>"; };
		9326468916944DEC007C72F8 /* fantagram-Prefix.pch */ = {isa = PBXFileReference; lastKnownFileType = sourcecode.c.h; path = "fantagram-Prefix.pch"; sourceTree = "<group>"; };
		9326468A16944DEC007C72F8 /* AppDelegate.h */ = {isa = PBXFileReference; lastKnownFileType = sourcecode.c.h; path = AppDelegate.h; sourceTree = "<group>"; };
		9326468B16944DEC007C72F8 /* AppDelegate.m */ = {isa = PBXFileReference; lastKnownFileType = sourcecode.c.objc; path = AppDelegate.m; sourceTree = "<group>"; };
		9326468D16944DEC007C72F8 /* Default.png */ = {isa = PBXFileReference; lastKnownFileType = image.png; path = Default.png; sourceTree = "<group>"; };
		9326468F16944DEC007C72F8 /* Default@2x.png */ = {isa = PBXFileReference; lastKnownFileType = image.png; path = "Default@2x.png"; sourceTree = "<group>"; };
		9326469116944DEC007C72F8 /* Default-568h@2x.png */ = {isa = PBXFileReference; lastKnownFileType = image.png; path = "Default-568h@2x.png"; sourceTree = "<group>"; };
		9326469416944DEC007C72F8 /* en */ = {isa = PBXFileReference; lastKnownFileType = file.storyboard; name = en; path = en.lproj/MainStoryboard.storyboard; sourceTree = "<group>"; };
		9326469616944DEC007C72F8 /* ViewController.h */ = {isa = PBXFileReference; lastKnownFileType = sourcecode.c.h; path = ViewController.h; sourceTree = "<group>"; };
		9326469716944DEC007C72F8 /* ViewController.m */ = {isa = PBXFileReference; lastKnownFileType = sourcecode.c.objc; path = ViewController.m; sourceTree = "<group>"; };
		9326469E16944DEC007C72F8 /* fantagramTests.octest */ = {isa = PBXFileReference; explicitFileType = wrapper.cfbundle; includeInIndex = 0; path = fantagramTests.octest; sourceTree = BUILT_PRODUCTS_DIR; };
		9326469F16944DEC007C72F8 /* SenTestingKit.framework */ = {isa = PBXFileReference; lastKnownFileType = wrapper.framework; name = SenTestingKit.framework; path = Library/Frameworks/SenTestingKit.framework; sourceTree = DEVELOPER_DIR; };
		932646A716944DEC007C72F8 /* fantagramTests-Info.plist */ = {isa = PBXFileReference; lastKnownFileType = text.plist.xml; path = "fantagramTests-Info.plist"; sourceTree = "<group>"; };
		932646A916944DEC007C72F8 /* en */ = {isa = PBXFileReference; lastKnownFileType = text.plist.strings; name = en; path = en.lproj/InfoPlist.strings; sourceTree = "<group>"; };
		932646AB16944DEC007C72F8 /* fantagramTests.h */ = {isa = PBXFileReference; lastKnownFileType = sourcecode.c.h; path = fantagramTests.h; sourceTree = "<group>"; };
		932646AC16944DEC007C72F8 /* fantagramTests.m */ = {isa = PBXFileReference; lastKnownFileType = sourcecode.c.objc; path = fantagramTests.m; sourceTree = "<group>"; };
		932646B6169485D6007C72F8 /* GPUImage.xcodeproj */ = {isa = PBXFileReference; lastKnownFileType = "wrapper.pb-project"; name = GPUImage.xcodeproj; path = ../GPUImage/framework/GPUImage.xcodeproj; sourceTree = "<group>"; };
		932646C316948767007C72F8 /* CoreMedia.framework */ = {isa = PBXFileReference; lastKnownFileType = wrapper.framework; name = CoreMedia.framework; path = System/Library/Frameworks/CoreMedia.framework; sourceTree = SDKROOT; };
		932646C51694876E007C72F8 /* CoreVideo.framework */ = {isa = PBXFileReference; lastKnownFileType = wrapper.framework; name = CoreVideo.framework; path = System/Library/Frameworks/CoreVideo.framework; sourceTree = SDKROOT; };
		932646C716948776007C72F8 /* OpenGLES.framework */ = {isa = PBXFileReference; lastKnownFileType = wrapper.framework; name = OpenGLES.framework; path = System/Library/Frameworks/OpenGLES.framework; sourceTree = SDKROOT; };
		932646C91694877E007C72F8 /* AVFoundation.framework */ = {isa = PBXFileReference; lastKnownFileType = wrapper.framework; name = AVFoundation.framework; path = System/Library/Frameworks/AVFoundation.framework; sourceTree = SDKROOT; };
		932646CB16948786007C72F8 /* QuartzCore.framework */ = {isa = PBXFileReference; lastKnownFileType = wrapper.framework; name = QuartzCore.framework; path = System/Library/Frameworks/QuartzCore.framework; sourceTree = SDKROOT; };
		932646CE16948AE7007C72F8 /* NSMutableDictionary+Helper.h */ = {isa = PBXFileReference; fileEncoding = 4; lastKnownFileType = sourcecode.c.h; path = "NSMutableDictionary+Helper.h"; sourceTree = "<group>"; };
		932646CF16948AE7007C72F8 /* NSMutableDictionary+Helper.m */ = {isa = PBXFileReference; fileEncoding = 4; lastKnownFileType = sourcecode.c.objc; path = "NSMutableDictionary+Helper.m"; sourceTree = "<group>"; };
		932646D016948AE7007C72F8 /* NSUserDefaults+Helper.h */ = {isa = PBXFileReference; fileEncoding = 4; lastKnownFileType = sourcecode.c.h; path = "NSUserDefaults+Helper.h"; sourceTree = "<group>"; };
		932646D116948AE7007C72F8 /* NSUserDefaults+Helper.m */ = {isa = PBXFileReference; fileEncoding = 4; lastKnownFileType = sourcecode.c.objc; path = "NSUserDefaults+Helper.m"; sourceTree = "<group>"; };
		932646D216948AE7007C72F8 /* UIButton+Helper.h */ = {isa = PBXFileReference; fileEncoding = 4; lastKnownFileType = sourcecode.c.h; path = "UIButton+Helper.h"; sourceTree = "<group>"; };
		932646D316948AE7007C72F8 /* UIButton+Helper.m */ = {isa = PBXFileReference; fileEncoding = 4; lastKnownFileType = sourcecode.c.objc; path = "UIButton+Helper.m"; sourceTree = "<group>"; };
		932646D416948AE7007C72F8 /* UIImage+Helper.h */ = {isa = PBXFileReference; fileEncoding = 4; lastKnownFileType = sourcecode.c.h; path = "UIImage+Helper.h"; sourceTree = "<group>"; };
		932646D516948AE7007C72F8 /* UIImage+Helper.m */ = {isa = PBXFileReference; fileEncoding = 4; lastKnownFileType = sourcecode.c.objc; path = "UIImage+Helper.m"; sourceTree = "<group>"; };
		932646D616948AE7007C72F8 /* UIImage+PhotoHelper.h */ = {isa = PBXFileReference; fileEncoding = 4; lastKnownFileType = sourcecode.c.h; path = "UIImage+PhotoHelper.h"; sourceTree = "<group>"; };
		932646D716948AE7007C72F8 /* UIImage+PhotoHelper.m */ = {isa = PBXFileReference; fileEncoding = 4; lastKnownFileType = sourcecode.c.objc; path = "UIImage+PhotoHelper.m"; sourceTree = "<group>"; };
		932646D816948AE7007C72F8 /* UIImageView+Helper.h */ = {isa = PBXFileReference; fileEncoding = 4; lastKnownFileType = sourcecode.c.h; path = "UIImageView+Helper.h"; sourceTree = "<group>"; };
		932646D916948AE7007C72F8 /* UIImageView+Helper.m */ = {isa = PBXFileReference; fileEncoding = 4; lastKnownFileType = sourcecode.c.objc; path = "UIImageView+Helper.m"; sourceTree = "<group>"; };
		932646DA16948AE7007C72F8 /* UIKitHelper.h */ = {isa = PBXFileReference; fileEncoding = 4; lastKnownFileType = sourcecode.c.h; path = UIKitHelper.h; sourceTree = "<group>"; };
		932646DB16948AE7007C72F8 /* UILabel+Helper.h */ = {isa = PBXFileReference; fileEncoding = 4; lastKnownFileType = sourcecode.c.h; path = "UILabel+Helper.h"; sourceTree = "<group>"; };
		932646DC16948AE7007C72F8 /* UILabel+Helper.m */ = {isa = PBXFileReference; fileEncoding = 4; lastKnownFileType = sourcecode.c.objc; path = "UILabel+Helper.m"; sourceTree = "<group>"; };
		932646DD16948AE7007C72F8 /* UIView+Helper.h */ = {isa = PBXFileReference; fileEncoding = 4; lastKnownFileType = sourcecode.c.h; path = "UIView+Helper.h"; sourceTree = "<group>"; };
		932646DE16948AE7007C72F8 /* UIView+Helper.m */ = {isa = PBXFileReference; fileEncoding = 4; lastKnownFileType = sourcecode.c.objc; path = "UIView+Helper.m"; sourceTree = "<group>"; };
		932646DF16948AE7007C72F8 /* UIViewController+Helper.h */ = {isa = PBXFileReference; fileEncoding = 4; lastKnownFileType = sourcecode.c.h; path = "UIViewController+Helper.h"; sourceTree = "<group>"; };
		932646E016948AE7007C72F8 /* UIViewController+Helper.m */ = {isa = PBXFileReference; fileEncoding = 4; lastKnownFileType = sourcecode.c.objc; path = "UIViewController+Helper.m"; sourceTree = "<group>"; };
		932646E116948AE7007C72F8 /* UIWebView+Helper.h */ = {isa = PBXFileReference; fileEncoding = 4; lastKnownFileType = sourcecode.c.h; path = "UIWebView+Helper.h"; sourceTree = "<group>"; };
		932646E216948AE7007C72F8 /* UIWebView+Helper.m */ = {isa = PBXFileReference; fileEncoding = 4; lastKnownFileType = sourcecode.c.objc; path = "UIWebView+Helper.m"; sourceTree = "<group>"; };
		932646EE16948C37007C72F8 /* sample.jpg */ = {isa = PBXFileReference; lastKnownFileType = image.jpeg; path = sample.jpg; sourceTree = "<group>"; };
		93BB07A7169538330047CCAF /* AssetsLibrary.framework */ = {isa = PBXFileReference; lastKnownFileType = wrapper.framework; name = AssetsLibrary.framework; path = System/Library/Frameworks/AssetsLibrary.framework; sourceTree = SDKROOT; };
		93BB07E31695AE900047CCAF /* GPUImageSelectiveColorFilter.h */ = {isa = PBXFileReference; fileEncoding = 4; lastKnownFileType = sourcecode.c.h; path = GPUImageSelectiveColorFilter.h; sourceTree = "<group>"; };
		93BB07E41695AE900047CCAF /* GPUImageSelectiveColorFilter.m */ = {isa = PBXFileReference; fileEncoding = 4; lastKnownFileType = sourcecode.c.objc; path = GPUImageSelectiveColorFilter.m; sourceTree = "<group>"; };
/* End PBXFileReference section */

/* Begin PBXFrameworksBuildPhase section */
		9326467416944DEC007C72F8 /* Frameworks */ = {
			isa = PBXFrameworksBuildPhase;
			buildActionMask = 2147483647;
			files = (
				93BB07A8169538330047CCAF /* AssetsLibrary.framework in Frameworks */,
				93BB076B169491040047CCAF /* libGPUImage.a in Frameworks */,
				932646CC16948786007C72F8 /* QuartzCore.framework in Frameworks */,
				932646CA1694877F007C72F8 /* AVFoundation.framework in Frameworks */,
				932646C816948776007C72F8 /* OpenGLES.framework in Frameworks */,
				932646C61694876E007C72F8 /* CoreVideo.framework in Frameworks */,
				932646C416948767007C72F8 /* CoreMedia.framework in Frameworks */,
				9326467C16944DEC007C72F8 /* UIKit.framework in Frameworks */,
				9326467E16944DEC007C72F8 /* Foundation.framework in Frameworks */,
				9326468016944DEC007C72F8 /* CoreGraphics.framework in Frameworks */,
			);
			runOnlyForDeploymentPostprocessing = 0;
		};
		9326469A16944DEC007C72F8 /* Frameworks */ = {
			isa = PBXFrameworksBuildPhase;
			buildActionMask = 2147483647;
			files = (
				932646A016944DEC007C72F8 /* SenTestingKit.framework in Frameworks */,
				932646A116944DEC007C72F8 /* UIKit.framework in Frameworks */,
				932646A216944DEC007C72F8 /* Foundation.framework in Frameworks */,
			);
			runOnlyForDeploymentPostprocessing = 0;
		};
/* End PBXFrameworksBuildPhase section */

/* Begin PBXGroup section */
		9326466C16944DEB007C72F8 = {
			isa = PBXGroup;
			children = (
				932646ED16948C37007C72F8 /* Resources */,
				932646CD16948AE7007C72F8 /* UIKitHelper */,
				9326468116944DEC007C72F8 /* fantagram */,
				932646A516944DEC007C72F8 /* fantagramTests */,
				9326467A16944DEC007C72F8 /* Frameworks */,
				9326467816944DEC007C72F8 /* Products */,
			);
			sourceTree = "<group>";
		};
		9326467816944DEC007C72F8 /* Products */ = {
			isa = PBXGroup;
			children = (
				9326467716944DEC007C72F8 /* fantagram.app */,
				9326469E16944DEC007C72F8 /* fantagramTests.octest */,
			);
			name = Products;
			sourceTree = "<group>";
		};
		9326467A16944DEC007C72F8 /* Frameworks */ = {
			isa = PBXGroup;
			children = (
				93BB07A7169538330047CCAF /* AssetsLibrary.framework */,
				932646CB16948786007C72F8 /* QuartzCore.framework */,
				932646C91694877E007C72F8 /* AVFoundation.framework */,
				932646C716948776007C72F8 /* OpenGLES.framework */,
				932646C51694876E007C72F8 /* CoreVideo.framework */,
				932646C316948767007C72F8 /* CoreMedia.framework */,
				932646B6169485D6007C72F8 /* GPUImage.xcodeproj */,
				9326467B16944DEC007C72F8 /* UIKit.framework */,
				9326467D16944DEC007C72F8 /* Foundation.framework */,
				9326467F16944DEC007C72F8 /* CoreGraphics.framework */,
				9326469F16944DEC007C72F8 /* SenTestingKit.framework */,
			);
			name = Frameworks;
			sourceTree = "<group>";
		};
		9326468116944DEC007C72F8 /* fantagram */ = {
			isa = PBXGroup;
			children = (
				93BB07E11695AE130047CCAF /* GPUImage */,
				9326468A16944DEC007C72F8 /* AppDelegate.h */,
				9326468B16944DEC007C72F8 /* AppDelegate.m */,
				9326469316944DEC007C72F8 /* MainStoryboard.storyboard */,
				9326469616944DEC007C72F8 /* ViewController.h */,
				9326469716944DEC007C72F8 /* ViewController.m */,
				9326468216944DEC007C72F8 /* Supporting Files */,
			);
			path = fantagram;
			sourceTree = "<group>";
		};
		9326468216944DEC007C72F8 /* Supporting Files */ = {
			isa = PBXGroup;
			children = (
				9326468316944DEC007C72F8 /* fantagram-Info.plist */,
				9326468416944DEC007C72F8 /* InfoPlist.strings */,
				9326468716944DEC007C72F8 /* main.m */,
				9326468916944DEC007C72F8 /* fantagram-Prefix.pch */,
				9326468D16944DEC007C72F8 /* Default.png */,
				9326468F16944DEC007C72F8 /* Default@2x.png */,
				9326469116944DEC007C72F8 /* Default-568h@2x.png */,
			);
			name = "Supporting Files";
			sourceTree = "<group>";
		};
		932646A516944DEC007C72F8 /* fantagramTests */ = {
			isa = PBXGroup;
			children = (
				932646AB16944DEC007C72F8 /* fantagramTests.h */,
				932646AC16944DEC007C72F8 /* fantagramTests.m */,
				932646A616944DEC007C72F8 /* Supporting Files */,
			);
			path = fantagramTests;
			sourceTree = "<group>";
		};
		932646A616944DEC007C72F8 /* Supporting Files */ = {
			isa = PBXGroup;
			children = (
				932646A716944DEC007C72F8 /* fantagramTests-Info.plist */,
				932646A816944DEC007C72F8 /* InfoPlist.strings */,
			);
			name = "Supporting Files";
			sourceTree = "<group>";
		};
		932646B7169485D6007C72F8 /* Products */ = {
			isa = PBXGroup;
			children = (
				932646C0169485D6007C72F8 /* libGPUImage.a */,
				932646C2169485D6007C72F8 /* GPUImageTests.octest */,
			);
			name = Products;
			sourceTree = "<group>";
		};
		932646CD16948AE7007C72F8 /* UIKitHelper */ = {
			isa = PBXGroup;
			children = (
				932646CE16948AE7007C72F8 /* NSMutableDictionary+Helper.h */,
				932646CF16948AE7007C72F8 /* NSMutableDictionary+Helper.m */,
				932646D016948AE7007C72F8 /* NSUserDefaults+Helper.h */,
				932646D116948AE7007C72F8 /* NSUserDefaults+Helper.m */,
				932646D216948AE7007C72F8 /* UIButton+Helper.h */,
				932646D316948AE7007C72F8 /* UIButton+Helper.m */,
				932646D416948AE7007C72F8 /* UIImage+Helper.h */,
				932646D516948AE7007C72F8 /* UIImage+Helper.m */,
				932646D616948AE7007C72F8 /* UIImage+PhotoHelper.h */,
				932646D716948AE7007C72F8 /* UIImage+PhotoHelper.m */,
				932646D816948AE7007C72F8 /* UIImageView+Helper.h */,
				932646D916948AE7007C72F8 /* UIImageView+Helper.m */,
				932646DA16948AE7007C72F8 /* UIKitHelper.h */,
				932646DB16948AE7007C72F8 /* UILabel+Helper.h */,
				932646DC16948AE7007C72F8 /* UILabel+Helper.m */,
				932646DD16948AE7007C72F8 /* UIView+Helper.h */,
				932646DE16948AE7007C72F8 /* UIView+Helper.m */,
				932646DF16948AE7007C72F8 /* UIViewController+Helper.h */,
				932646E016948AE7007C72F8 /* UIViewController+Helper.m */,
				932646E116948AE7007C72F8 /* UIWebView+Helper.h */,
				932646E216948AE7007C72F8 /* UIWebView+Helper.m */,
			);
			name = UIKitHelper;
			path = ../UIKitHelper/UIKitHelper;
			sourceTree = "<group>";
		};
		932646ED16948C37007C72F8 /* Resources */ = {
			isa = PBXGroup;
			children = (
				932646EE16948C37007C72F8 /* sample.jpg */,
			);
			name = Resources;
			path = ../Resources;
			sourceTree = "<group>";
		};
		93BB07E11695AE130047CCAF /* GPUImage */ = {
			isa = PBXGroup;
			children = (
				93BB07E21695AE130047CCAF /* GPUImaeFilter */,
			);
			path = GPUImage;
			sourceTree = "<group>";
		};
		93BB07E21695AE130047CCAF /* GPUImaeFilter */ = {
			isa = PBXGroup;
			children = (
				93BB07E31695AE900047CCAF /* GPUImageSelectiveColorFilter.h */,
				93BB07E41695AE900047CCAF /* GPUImageSelectiveColorFilter.m */,
			);
			path = GPUImaeFilter;
			sourceTree = "<group>";
		};
/* End PBXGroup section */

/* Begin PBXNativeTarget section */
		9326467616944DEC007C72F8 /* fantagram */ = {
			isa = PBXNativeTarget;
			buildConfigurationList = 932646B016944DEC007C72F8 /* Build configuration list for PBXNativeTarget "fantagram" */;
			buildPhases = (
				9326467316944DEC007C72F8 /* Sources */,
				9326467416944DEC007C72F8 /* Frameworks */,
				9326467516944DEC007C72F8 /* Resources */,
			);
			buildRules = (
			);
			dependencies = (
			);
			name = fantagram;
			productName = fantagram;
			productReference = 9326467716944DEC007C72F8 /* fantagram.app */;
			productType = "com.apple.product-type.application";
		};
		9326469D16944DEC007C72F8 /* fantagramTests */ = {
			isa = PBXNativeTarget;
			buildConfigurationList = 932646B316944DEC007C72F8 /* Build configuration list for PBXNativeTarget "fantagramTests" */;
			buildPhases = (
				9326469916944DEC007C72F8 /* Sources */,
				9326469A16944DEC007C72F8 /* Frameworks */,
				9326469B16944DEC007C72F8 /* Resources */,
				9326469C16944DEC007C72F8 /* ShellScript */,
			);
			buildRules = (
			);
			dependencies = (
				932646A416944DEC007C72F8 /* PBXTargetDependency */,
			);
			name = fantagramTests;
			productName = fantagramTests;
			productReference = 9326469E16944DEC007C72F8 /* fantagramTests.octest */;
			productType = "com.apple.product-type.bundle";
		};
/* End PBXNativeTarget section */

/* Begin PBXProject section */
		9326466E16944DEB007C72F8 /* Project object */ = {
			isa = PBXProject;
			attributes = {
				LastUpgradeCheck = 0450;
				ORGANIZATIONNAME = kasajei;
			};
			buildConfigurationList = 9326467116944DEB007C72F8 /* Build configuration list for PBXProject "fantagram" */;
			compatibilityVersion = "Xcode 3.2";
			developmentRegion = English;
			hasScannedForEncodings = 0;
			knownRegions = (
				en,
			);
			mainGroup = 9326466C16944DEB007C72F8;
			productRefGroup = 9326467816944DEC007C72F8 /* Products */;
			projectDirPath = "";
			projectReferences = (
				{
					ProductGroup = 932646B7169485D6007C72F8 /* Products */;
					ProjectRef = 932646B6169485D6007C72F8 /* GPUImage.xcodeproj */;
				},
			);
			projectRoot = "";
			targets = (
				9326467616944DEC007C72F8 /* fantagram */,
				9326469D16944DEC007C72F8 /* fantagramTests */,
			);
		};
/* End PBXProject section */

/* Begin PBXReferenceProxy section */
		932646C0169485D6007C72F8 /* libGPUImage.a */ = {
			isa = PBXReferenceProxy;
			fileType = archive.ar;
			path = libGPUImage.a;
			remoteRef = 932646BF169485D6007C72F8 /* PBXContainerItemProxy */;
			sourceTree = BUILT_PRODUCTS_DIR;
		};
		932646C2169485D6007C72F8 /* GPUImageTests.octest */ = {
			isa = PBXReferenceProxy;
			fileType = wrapper.cfbundle;
			path = GPUImageTests.octest;
			remoteRef = 932646C1169485D6007C72F8 /* PBXContainerItemProxy */;
			sourceTree = BUILT_PRODUCTS_DIR;
		};
/* End PBXReferenceProxy section */

/* Begin PBXResourcesBuildPhase section */
		9326467516944DEC007C72F8 /* Resources */ = {
			isa = PBXResourcesBuildPhase;
			buildActionMask = 2147483647;
			files = (
				9326468616944DEC007C72F8 /* InfoPlist.strings in Resources */,
				9326468E16944DEC007C72F8 /* Default.png in Resources */,
				9326469016944DEC007C72F8 /* Default@2x.png in Resources */,
				9326469216944DEC007C72F8 /* Default-568h@2x.png in Resources */,
				9326469516944DEC007C72F8 /* MainStoryboard.storyboard in Resources */,
				932646EF16948C37007C72F8 /* sample.jpg in Resources */,
			);
			runOnlyForDeploymentPostprocessing = 0;
		};
		9326469B16944DEC007C72F8 /* Resources */ = {
			isa = PBXResourcesBuildPhase;
			buildActionMask = 2147483647;
			files = (
				932646AA16944DEC007C72F8 /* InfoPlist.strings in Resources */,
			);
			runOnlyForDeploymentPostprocessing = 0;
		};
/* End PBXResourcesBuildPhase section */

/* Begin PBXShellScriptBuildPhase section */
		9326469C16944DEC007C72F8 /* ShellScript */ = {
			isa = PBXShellScriptBuildPhase;
			buildActionMask = 2147483647;
			files = (
			);
			inputPaths = (
			);
			outputPaths = (
			);
			runOnlyForDeploymentPostprocessing = 0;
			shellPath = /bin/sh;
			shellScript = "# Run the unit tests in this test bundle.\n\"${SYSTEM_DEVELOPER_DIR}/Tools/RunUnitTests\"\n";
		};
/* End PBXShellScriptBuildPhase section */

/* Begin PBXSourcesBuildPhase section */
		9326467316944DEC007C72F8 /* Sources */ = {
			isa = PBXSourcesBuildPhase;
			buildActionMask = 2147483647;
			files = (
				9326468816944DEC007C72F8 /* main.m in Sources */,
				9326468C16944DEC007C72F8 /* AppDelegate.m in Sources */,
				9326469816944DEC007C72F8 /* ViewController.m in Sources */,
				932646E316948AE7007C72F8 /* NSMutableDictionary+Helper.m in Sources */,
				932646E416948AE7007C72F8 /* NSUserDefaults+Helper.m in Sources */,
				932646E516948AE7007C72F8 /* UIButton+Helper.m in Sources */,
				932646E616948AE7007C72F8 /* UIImage+Helper.m in Sources */,
				932646E716948AE7007C72F8 /* UIImage+PhotoHelper.m in Sources */,
				932646E816948AE7007C72F8 /* UIImageView+Helper.m in Sources */,
				932646E916948AE7007C72F8 /* UILabel+Helper.m in Sources */,
				932646EA16948AE7007C72F8 /* UIView+Helper.m in Sources */,
				932646EB16948AE7007C72F8 /* UIViewController+Helper.m in Sources */,
				932646EC16948AE7007C72F8 /* UIWebView+Helper.m in Sources */,
				93BB07E51695AE900047CCAF /* GPUImageSelectiveColorFilter.m in Sources */,
			);
			runOnlyForDeploymentPostprocessing = 0;
		};
		9326469916944DEC007C72F8 /* Sources */ = {
			isa = PBXSourcesBuildPhase;
			buildActionMask = 2147483647;
			files = (
				932646AD16944DEC007C72F8 /* fantagramTests.m in Sources */,
			);
			runOnlyForDeploymentPostprocessing = 0;
		};
/* End PBXSourcesBuildPhase section */

/* Begin PBXTargetDependency section */
		932646A416944DEC007C72F8 /* PBXTargetDependency */ = {
			isa = PBXTargetDependency;
			target = 9326467616944DEC007C72F8 /* fantagram */;
			targetProxy = 932646A316944DEC007C72F8 /* PBXContainerItemProxy */;
		};
/* End PBXTargetDependency section */

/* Begin PBXVariantGroup section */
		9326468416944DEC007C72F8 /* InfoPlist.strings */ = {
			isa = PBXVariantGroup;
			children = (
				9326468516944DEC007C72F8 /* en */,
			);
			name = InfoPlist.strings;
			sourceTree = "<group>";
		};
		9326469316944DEC007C72F8 /* MainStoryboard.storyboard */ = {
			isa = PBXVariantGroup;
			children = (
				9326469416944DEC007C72F8 /* en */,
			);
			name = MainStoryboard.storyboard;
			sourceTree = "<group>";
		};
		932646A816944DEC007C72F8 /* InfoPlist.strings */ = {
			isa = PBXVariantGroup;
			children = (
				932646A916944DEC007C72F8 /* en */,
			);
			name = InfoPlist.strings;
			sourceTree = "<group>";
		};
/* End PBXVariantGroup section */

/* Begin XCBuildConfiguration section */
		932646AE16944DEC007C72F8 /* Debug */ = {
			isa = XCBuildConfiguration;
			buildSettings = {
				ALWAYS_SEARCH_USER_PATHS = NO;
				CLANG_CXX_LANGUAGE_STANDARD = "gnu++0x";
				CLANG_CXX_LIBRARY = "libc++";
				CLANG_ENABLE_OBJC_ARC = YES;
				CLANG_WARN_EMPTY_BODY = YES;
				CLANG_WARN__DUPLICATE_METHOD_MATCH = YES;
				"CODE_SIGN_IDENTITY[sdk=iphoneos*]" = "iPhone Developer";
				COPY_PHASE_STRIP = NO;
				GCC_C_LANGUAGE_STANDARD = gnu99;
				GCC_DYNAMIC_NO_PIC = NO;
				GCC_OPTIMIZATION_LEVEL = 0;
				GCC_PREPROCESSOR_DEFINITIONS = (
					"DEBUG=1",
					"$(inherited)",
				);
				GCC_SYMBOLS_PRIVATE_EXTERN = NO;
				GCC_WARN_ABOUT_RETURN_TYPE = YES;
				GCC_WARN_UNINITIALIZED_AUTOS = YES;
				GCC_WARN_UNUSED_VARIABLE = YES;
				IPHONEOS_DEPLOYMENT_TARGET = 6.0;
				ONLY_ACTIVE_ARCH = YES;
				SDKROOT = iphoneos;
			};
			name = Debug;
		};
		932646AF16944DEC007C72F8 /* Release */ = {
			isa = XCBuildConfiguration;
			buildSettings = {
				ALWAYS_SEARCH_USER_PATHS = NO;
				CLANG_CXX_LANGUAGE_STANDARD = "gnu++0x";
				CLANG_CXX_LIBRARY = "libc++";
				CLANG_ENABLE_OBJC_ARC = YES;
				CLANG_WARN_EMPTY_BODY = YES;
				CLANG_WARN__DUPLICATE_METHOD_MATCH = YES;
				"CODE_SIGN_IDENTITY[sdk=iphoneos*]" = "iPhone Developer";
				COPY_PHASE_STRIP = YES;
				GCC_C_LANGUAGE_STANDARD = gnu99;
				GCC_WARN_ABOUT_RETURN_TYPE = YES;
				GCC_WARN_UNINITIALIZED_AUTOS = YES;
				GCC_WARN_UNUSED_VARIABLE = YES;
				IPHONEOS_DEPLOYMENT_TARGET = 6.0;
				OTHER_CFLAGS = "-DNS_BLOCK_ASSERTIONS=1";
				SDKROOT = iphoneos;
				VALIDATE_PRODUCT = YES;
			};
			name = Release;
		};
		932646B116944DEC007C72F8 /* Debug */ = {
			isa = XCBuildConfiguration;
			buildSettings = {
				GCC_PRECOMPILE_PREFIX_HEADER = YES;
				GCC_PREFIX_HEADER = "fantagram/fantagram-Prefix.pch";
				HEADER_SEARCH_PATHS = "../GPUImage/framework/**";
				INFOPLIST_FILE = "fantagram/fantagram-Info.plist";
				IPHONEOS_DEPLOYMENT_TARGET = 5.0;
				OTHER_LDFLAGS = "-ObjC";
				PRODUCT_NAME = "$(TARGET_NAME)";
				WRAPPER_EXTENSION = app;
			};
			name = Debug;
		};
		932646B216944DEC007C72F8 /* Release */ = {
			isa = XCBuildConfiguration;
			buildSettings = {
				GCC_PRECOMPILE_PREFIX_HEADER = YES;
				GCC_PREFIX_HEADER = "fantagram/fantagram-Prefix.pch";
				HEADER_SEARCH_PATHS = "../GPUImage/framework/**";
				INFOPLIST_FILE = "fantagram/fantagram-Info.plist";
				IPHONEOS_DEPLOYMENT_TARGET = 5.0;
				OTHER_LDFLAGS = "-ObjC";
				PRODUCT_NAME = "$(TARGET_NAME)";
				WRAPPER_EXTENSION = app;
			};
			name = Release;
		};
		932646B416944DEC007C72F8 /* Debug */ = {
			isa = XCBuildConfiguration;
			buildSettings = {
				BUNDLE_LOADER = "$(BUILT_PRODUCTS_DIR)/fantagram.app/fantagram";
				FRAMEWORK_SEARCH_PATHS = (
					"\"$(SDKROOT)/Developer/Library/Frameworks\"",
					"\"$(DEVELOPER_LIBRARY_DIR)/Frameworks\"",
				);
				GCC_PRECOMPILE_PREFIX_HEADER = YES;
				GCC_PREFIX_HEADER = "fantagram/fantagram-Prefix.pch";
				INFOPLIST_FILE = "fantagramTests/fantagramTests-Info.plist";
				PRODUCT_NAME = "$(TARGET_NAME)";
				TEST_HOST = "$(BUNDLE_LOADER)";
				WRAPPER_EXTENSION = octest;
			};
			name = Debug;
		};
		932646B516944DEC007C72F8 /* Release */ = {
			isa = XCBuildConfiguration;
			buildSettings = {
				BUNDLE_LOADER = "$(BUILT_PRODUCTS_DIR)/fantagram.app/fantagram";
				FRAMEWORK_SEARCH_PATHS = (
					"\"$(SDKROOT)/Developer/Library/Frameworks\"",
					"\"$(DEVELOPER_LIBRARY_DIR)/Frameworks\"",
				);
				GCC_PRECOMPILE_PREFIX_HEADER = YES;
				GCC_PREFIX_HEADER = "fantagram/fantagram-Prefix.pch";
				INFOPLIST_FILE = "fantagramTests/fantagramTests-Info.plist";
				PRODUCT_NAME = "$(TARGET_NAME)";
				TEST_HOST = "$(BUNDLE_LOADER)";
				WRAPPER_EXTENSION = octest;
			};
			name = Release;
		};
/* End XCBuildConfiguration section */

/* Begin XCConfigurationList section */
		9326467116944DEB007C72F8 /* Build configuration list for PBXProject "fantagram" */ = {
			isa = XCConfigurationList;
			buildConfigurations = (
				932646AE16944DEC007C72F8 /* Debug */,
				932646AF16944DEC007C72F8 /* Release */,
			);
			defaultConfigurationIsVisible = 0;
			defaultConfigurationName = Release;
		};
		932646B016944DEC007C72F8 /* Build configuration list for PBXNativeTarget "fantagram" */ = {
			isa = XCConfigurationList;
			buildConfigurations = (
				932646B116944DEC007C72F8 /* Debug */,
				932646B216944DEC007C72F8 /* Release */,
			);
			defaultConfigurationIsVisible = 0;
			defaultConfigurationName = Release;
		};
		932646B316944DEC007C72F8 /* Build configuration list for PBXNativeTarget "fantagramTests" */ = {
			isa = XCConfigurationList;
			buildConfigurations = (
				932646B416944DEC007C72F8 /* Debug */,
				932646B516944DEC007C72F8 /* Release */,
			);
			defaultConfigurationIsVisible = 0;
			defaultConfigurationName = Release;
		};
/* End XCConfigurationList section */
	};
	rootObject = 9326466E16944DEB007C72F8 /* Project object */;
}
